// !$*UTF8*$!
{
	archiveVersion = 1;
	classes = {
	};
	objectVersion = 55;
	objects = {

/* Begin PBXBuildFile section */
		8855259728DC751400907D0C /* RegisterViewModel.swift in Sources */ = {isa = PBXBuildFile; fileRef = 8855259628DC751400907D0C /* RegisterViewModel.swift */; };
		8855259928DC751A00907D0C /* RegisterModel.swift in Sources */ = {isa = PBXBuildFile; fileRef = 8855259828DC751A00907D0C /* RegisterModel.swift */; };
		88C4D6B228D9CA2600D93575 /* RegisterServiceViewController.swift in Sources */ = {isa = PBXBuildFile; fileRef = 88C4D6B128D9CA2600D93575 /* RegisterServiceViewController.swift */; };
		88C4D6B428D9CA4E00D93575 /* RegisterServiceView.swift in Sources */ = {isa = PBXBuildFile; fileRef = 88C4D6B328D9CA4E00D93575 /* RegisterServiceView.swift */; };
		88C70E2F28D89D6800ABCB3F /* WelcomeViewController.swift in Sources */ = {isa = PBXBuildFile; fileRef = 88C70E2E28D89D6800ABCB3F /* WelcomeViewController.swift */; };
		88C70E3128D89D9100ABCB3F /* WelcomeView.swift in Sources */ = {isa = PBXBuildFile; fileRef = 88C70E3028D89D9100ABCB3F /* WelcomeView.swift */; };
		88C70E3428D8A04E00ABCB3F /* RegisterViewController.swift in Sources */ = {isa = PBXBuildFile; fileRef = 88C70E3328D8A04E00ABCB3F /* RegisterViewController.swift */; };
		88C70E3628D8A06E00ABCB3F /* RegisterView.swift in Sources */ = {isa = PBXBuildFile; fileRef = 88C70E3528D8A06E00ABCB3F /* RegisterView.swift */; };
		88EF0FE228D1722A003C8189 /* AppDelegate.swift in Sources */ = {isa = PBXBuildFile; fileRef = 88EF0FE128D1722A003C8189 /* AppDelegate.swift */; };
		88EF0FE428D1722A003C8189 /* SceneDelegate.swift in Sources */ = {isa = PBXBuildFile; fileRef = 88EF0FE328D1722A003C8189 /* SceneDelegate.swift */; };
		88EF0FE628D1722A003C8189 /* MainFeedViewController.swift in Sources */ = {isa = PBXBuildFile; fileRef = 88EF0FE528D1722A003C8189 /* MainFeedViewController.swift */; };
		88EF0FEE28D1722C003C8189 /* LaunchScreen.storyboard in Resources */ = {isa = PBXBuildFile; fileRef = 88EF0FEC28D1722C003C8189 /* LaunchScreen.storyboard */; };
		88EF0FF928D17363003C8189 /* MainFeedView.swift in Sources */ = {isa = PBXBuildFile; fileRef = 88EF0FF828D17363003C8189 /* MainFeedView.swift */; };
		88EF0FFB28D174B4003C8189 /* MainFeedTableViewCell.swift in Sources */ = {isa = PBXBuildFile; fileRef = 88EF0FFA28D174B4003C8189 /* MainFeedTableViewCell.swift */; };
		88EF0FFF28D1E1CC003C8189 /* MainTabBarController.swift in Sources */ = {isa = PBXBuildFile; fileRef = 88EF0FFE28D1E1CC003C8189 /* MainTabBarController.swift */; };
		A57A4A10290D0DA000434CDF /* UsedTradeViewModel.swift in Sources */ = {isa = PBXBuildFile; fileRef = A57A4A0F290D0DA000434CDF /* UsedTradeViewModel.swift */; };
		A57A4A14290D11EC00434CDF /* UsedTradeViewController.swift in Sources */ = {isa = PBXBuildFile; fileRef = A57A4A13290D11EC00434CDF /* UsedTradeViewController.swift */; };
		A57A4A20290D163000434CDF /* SortFilterView.swift in Sources */ = {isa = PBXBuildFile; fileRef = A57A4A1F290D163000434CDF /* SortFilterView.swift */; };
		A57A4A22290D163C00434CDF /* SortFilterViewModel.swift in Sources */ = {isa = PBXBuildFile; fileRef = A57A4A21290D163C00434CDF /* SortFilterViewModel.swift */; };
		A57A4A33290D19B300434CDF /* SearchBar.swift in Sources */ = {isa = PBXBuildFile; fileRef = A57A4A32290D19B300434CDF /* SearchBar.swift */; };
		A57A4A35290D19BB00434CDF /* SearchBarViewModel.swift in Sources */ = {isa = PBXBuildFile; fileRef = A57A4A34290D19BB00434CDF /* SearchBarViewModel.swift */; };
		A57A4A38290D1D2D00434CDF /* Kingfisher in Frameworks */ = {isa = PBXBuildFile; productRef = A57A4A37290D1D2D00434CDF /* Kingfisher */; };
		A57A4A3A290D2C3500434CDF /* BannerListView.swift in Sources */ = {isa = PBXBuildFile; fileRef = A57A4A39290D2C3500434CDF /* BannerListView.swift */; };
		A57A4A3C290D2C3E00434CDF /* BannerListViewModel.swift in Sources */ = {isa = PBXBuildFile; fileRef = A57A4A3B290D2C3E00434CDF /* BannerListViewModel.swift */; };
		A57A4A41290D441E00434CDF /* CategoryMainListView.swift in Sources */ = {isa = PBXBuildFile; fileRef = A57A4A40290D441E00434CDF /* CategoryMainListView.swift */; };
		A57A4A43290D442900434CDF /* CategoryMainListCell.swift in Sources */ = {isa = PBXBuildFile; fileRef = A57A4A42290D442900434CDF /* CategoryMainListCell.swift */; };
		A57A4A45290D443400434CDF /* CategoryMainListViewModel.swift in Sources */ = {isa = PBXBuildFile; fileRef = A57A4A44290D443400434CDF /* CategoryMainListViewModel.swift */; };
		A57A4A47290D444100434CDF /* CategorySubListView.swift in Sources */ = {isa = PBXBuildFile; fileRef = A57A4A46290D444100434CDF /* CategorySubListView.swift */; };
		A57A4A49290D444900434CDF /* CategorySubListCell.swift in Sources */ = {isa = PBXBuildFile; fileRef = A57A4A48290D444900434CDF /* CategorySubListCell.swift */; };
		A57A4A4B290D445300434CDF /* CategorySubListViewModel.swift in Sources */ = {isa = PBXBuildFile; fileRef = A57A4A4A290D445300434CDF /* CategorySubListViewModel.swift */; };
		A57A4A4E290D74E900434CDF /* NewPostViewController.swift in Sources */ = {isa = PBXBuildFile; fileRef = A57A4A4D290D74E900434CDF /* NewPostViewController.swift */; };
		CE1B44D828F8557D009695E0 /* FilterHeader.swift in Sources */ = {isa = PBXBuildFile; fileRef = CE1B44D728F8557D009695E0 /* FilterHeader.swift */; };
		CE1E86DC28E9434D00AC0701 /* CategoryCollectionViewCell.swift in Sources */ = {isa = PBXBuildFile; fileRef = CE1E86DB28E9434D00AC0701 /* CategoryCollectionViewCell.swift */; };
		CE1E86DE28E94D6400AC0701 /* MiddleCategoryCell.swift in Sources */ = {isa = PBXBuildFile; fileRef = CE1E86DD28E94D6400AC0701 /* MiddleCategoryCell.swift */; };
		CE25925228F29A5500BD40D3 /* LoginViewController.swift in Sources */ = {isa = PBXBuildFile; fileRef = CE25925128F29A5500BD40D3 /* LoginViewController.swift */; };
		CE25925428F29A6900BD40D3 /* LoginView.swift in Sources */ = {isa = PBXBuildFile; fileRef = CE25925328F29A6900BD40D3 /* LoginView.swift */; };
		CE41AF7428EBC24400B40844 /* MyClosetTagCollectionViewCell.swift in Sources */ = {isa = PBXBuildFile; fileRef = CE41AF7328EBC24400B40844 /* MyClosetTagCollectionViewCell.swift */; };
		CE41AF7628EC22D100B40844 /* ClosetTagTableViewCell.swift in Sources */ = {isa = PBXBuildFile; fileRef = CE41AF7528EC22D100B40844 /* ClosetTagTableViewCell.swift */; };
		CE41AF7828EC28B200B40844 /* TagCollectionViewCell.swift in Sources */ = {isa = PBXBuildFile; fileRef = CE41AF7728EC28B200B40844 /* TagCollectionViewCell.swift */; };
		CE41AF7A28EC375C00B40844 /* ClosetImageTableViewCell.swift in Sources */ = {isa = PBXBuildFile; fileRef = CE41AF7928EC375C00B40844 /* ClosetImageTableViewCell.swift */; };
		CE46955E290BA9C0000094AF /* MyClosetModel.swift in Sources */ = {isa = PBXBuildFile; fileRef = CE46955D290BA9C0000094AF /* MyClosetModel.swift */; };
		CE46955F290BAB3F000094AF /* Assets.xcassets in Resources */ = {isa = PBXBuildFile; fileRef = 88EF0FEA28D1722C003C8189 /* Assets.xcassets */; };
		CE505EBD290A894F0055C166 /* MyClothetApiService.swift in Sources */ = {isa = PBXBuildFile; fileRef = CE505EBC290A894F0055C166 /* MyClothetApiService.swift */; };
		CE505EC0290A89B40055C166 /* Alamofire in Frameworks */ = {isa = PBXBuildFile; productRef = CE505EBF290A89B40055C166 /* Alamofire */; };
		CE62832028FBB27A00B2AB55 /* SnapKit in Frameworks */ = {isa = PBXBuildFile; productRef = CE62831F28FBB27A00B2AB55 /* SnapKit */; };
		CE62832328FBB28700B2AB55 /* RxCocoa in Frameworks */ = {isa = PBXBuildFile; productRef = CE62832228FBB28700B2AB55 /* RxCocoa */; };
		CE62832528FBB28700B2AB55 /* RxSwift in Frameworks */ = {isa = PBXBuildFile; productRef = CE62832428FBB28700B2AB55 /* RxSwift */; };
		CE62832728FBB2FF00B2AB55 /* MyClosetViewModel.swift in Sources */ = {isa = PBXBuildFile; fileRef = CE62832628FBB2FF00B2AB55 /* MyClosetViewModel.swift */; };
		CE77107828F592620062F53B /* MyClosetDetailRecommendTableViewCell.swift in Sources */ = {isa = PBXBuildFile; fileRef = CE77107728F592620062F53B /* MyClosetDetailRecommendTableViewCell.swift */; };
		CE77107A28F593E40062F53B /* RecommenCollectionViewCell.swift in Sources */ = {isa = PBXBuildFile; fileRef = CE77107928F593E40062F53B /* RecommenCollectionViewCell.swift */; };
		CE83325528F846DF00B6DD1C /* DetailFilterViewController.swift in Sources */ = {isa = PBXBuildFile; fileRef = CE83325428F846DF00B6DD1C /* DetailFilterViewController.swift */; };
		CE83325728F8470300B6DD1C /* FilterView.swift in Sources */ = {isa = PBXBuildFile; fileRef = CE83325628F8470300B6DD1C /* FilterView.swift */; };
		CE83325928F8477500B6DD1C /* DetailFilterCollectionViewCell.swift in Sources */ = {isa = PBXBuildFile; fileRef = CE83325828F8477500B6DD1C /* DetailFilterCollectionViewCell.swift */; };
		CEE635AC28FC1B4E0098D3F2 /* AddPostView.swift in Sources */ = {isa = PBXBuildFile; fileRef = CEE635AB28FC1B4E0098D3F2 /* AddPostView.swift */; };
		CEE635AE28FC21FD0098D3F2 /* AddPostCell.swift in Sources */ = {isa = PBXBuildFile; fileRef = CEE635AD28FC21FD0098D3F2 /* AddPostCell.swift */; };
		CEE635B028FC23490098D3F2 /* AddClothViewController.swift in Sources */ = {isa = PBXBuildFile; fileRef = CEE635AF28FC23490098D3F2 /* AddClothViewController.swift */; };
		CEE635B328FC23780098D3F2 /* AddClothView.swift in Sources */ = {isa = PBXBuildFile; fileRef = CEE635B228FC23780098D3F2 /* AddClothView.swift */; };
		CEF3630628E7D035007ECE87 /* AddPostViewController.swift in Sources */ = {isa = PBXBuildFile; fileRef = CEF3630528E7D035007ECE87 /* AddPostViewController.swift */; };
		CEF3630928E7D124007ECE87 /* MyClosetViewController.swift in Sources */ = {isa = PBXBuildFile; fileRef = CEF3630828E7D124007ECE87 /* MyClosetViewController.swift */; };
		CEF3630D28E7D8AC007ECE87 /* MyClosetCollectionView.swift in Sources */ = {isa = PBXBuildFile; fileRef = CEF3630C28E7D8AC007ECE87 /* MyClosetCollectionView.swift */; };
		CEF3630F28E7E013007ECE87 /* MyClosetCell.swift in Sources */ = {isa = PBXBuildFile; fileRef = CEF3630E28E7E013007ECE87 /* MyClosetCell.swift */; };
		CEF3631128E7E10C007ECE87 /* RecommendCollectionHeader.swift in Sources */ = {isa = PBXBuildFile; fileRef = CEF3631028E7E10C007ECE87 /* RecommendCollectionHeader.swift */; };
		CEF3631328E814B2007ECE87 /* MyClosetDetailViewController.swift in Sources */ = {isa = PBXBuildFile; fileRef = CEF3631228E814B2007ECE87 /* MyClosetDetailViewController.swift */; };
		CEF3631628E814D4007ECE87 /* MyClosetDetailView.swift in Sources */ = {isa = PBXBuildFile; fileRef = CEF3631528E814D4007ECE87 /* MyClosetDetailView.swift */; };
		CEF3631828E8222B007ECE87 /* MyClosetDetailCell.swift in Sources */ = {isa = PBXBuildFile; fileRef = CEF3631728E8222B007ECE87 /* MyClosetDetailCell.swift */; };
		CEF4648628F8E64900403C1B /* DetailFilterViewModel.swift in Sources */ = {isa = PBXBuildFile; fileRef = CEF4648528F8E64900403C1B /* DetailFilterViewModel.swift */; };
/* End PBXBuildFile section */

/* Begin PBXFileReference section */
		8855259628DC751400907D0C /* RegisterViewModel.swift */ = {isa = PBXFileReference; lastKnownFileType = sourcecode.swift; path = RegisterViewModel.swift; sourceTree = "<group>"; };
		8855259828DC751A00907D0C /* RegisterModel.swift */ = {isa = PBXFileReference; lastKnownFileType = sourcecode.swift; path = RegisterModel.swift; sourceTree = "<group>"; };
		88C4D6B128D9CA2600D93575 /* RegisterServiceViewController.swift */ = {isa = PBXFileReference; lastKnownFileType = sourcecode.swift; path = RegisterServiceViewController.swift; sourceTree = "<group>"; };
		88C4D6B328D9CA4E00D93575 /* RegisterServiceView.swift */ = {isa = PBXFileReference; lastKnownFileType = sourcecode.swift; path = RegisterServiceView.swift; sourceTree = "<group>"; };
		88C70E2E28D89D6800ABCB3F /* WelcomeViewController.swift */ = {isa = PBXFileReference; lastKnownFileType = sourcecode.swift; path = WelcomeViewController.swift; sourceTree = "<group>"; };
		88C70E3028D89D9100ABCB3F /* WelcomeView.swift */ = {isa = PBXFileReference; lastKnownFileType = sourcecode.swift; path = WelcomeView.swift; sourceTree = "<group>"; };
		88C70E3328D8A04E00ABCB3F /* RegisterViewController.swift */ = {isa = PBXFileReference; lastKnownFileType = sourcecode.swift; path = RegisterViewController.swift; sourceTree = "<group>"; };
		88C70E3528D8A06E00ABCB3F /* RegisterView.swift */ = {isa = PBXFileReference; lastKnownFileType = sourcecode.swift; path = RegisterView.swift; sourceTree = "<group>"; };
		88EF0FDE28D1722A003C8189 /* ClothRecommend.app */ = {isa = PBXFileReference; explicitFileType = wrapper.application; includeInIndex = 0; path = ClothRecommend.app; sourceTree = BUILT_PRODUCTS_DIR; };
		88EF0FE128D1722A003C8189 /* AppDelegate.swift */ = {isa = PBXFileReference; lastKnownFileType = sourcecode.swift; path = AppDelegate.swift; sourceTree = "<group>"; };
		88EF0FE328D1722A003C8189 /* SceneDelegate.swift */ = {isa = PBXFileReference; lastKnownFileType = sourcecode.swift; path = SceneDelegate.swift; sourceTree = "<group>"; };
		88EF0FE528D1722A003C8189 /* MainFeedViewController.swift */ = {isa = PBXFileReference; lastKnownFileType = sourcecode.swift; path = MainFeedViewController.swift; sourceTree = "<group>"; };
		88EF0FEA28D1722C003C8189 /* Assets.xcassets */ = {isa = PBXFileReference; lastKnownFileType = folder.assetcatalog; path = Assets.xcassets; sourceTree = "<group>"; };
		88EF0FED28D1722C003C8189 /* Base */ = {isa = PBXFileReference; lastKnownFileType = file.storyboard; name = Base; path = Base.lproj/LaunchScreen.storyboard; sourceTree = "<group>"; };
		88EF0FEF28D1722C003C8189 /* Info.plist */ = {isa = PBXFileReference; lastKnownFileType = text.plist.xml; path = Info.plist; sourceTree = "<group>"; };
		88EF0FF828D17363003C8189 /* MainFeedView.swift */ = {isa = PBXFileReference; lastKnownFileType = sourcecode.swift; path = MainFeedView.swift; sourceTree = "<group>"; };
		88EF0FFA28D174B4003C8189 /* MainFeedTableViewCell.swift */ = {isa = PBXFileReference; lastKnownFileType = sourcecode.swift; path = MainFeedTableViewCell.swift; sourceTree = "<group>"; };
		88EF0FFE28D1E1CC003C8189 /* MainTabBarController.swift */ = {isa = PBXFileReference; lastKnownFileType = sourcecode.swift; path = MainTabBarController.swift; sourceTree = "<group>"; };
		A57A4A0F290D0DA000434CDF /* UsedTradeViewModel.swift */ = {isa = PBXFileReference; lastKnownFileType = sourcecode.swift; path = UsedTradeViewModel.swift; sourceTree = "<group>"; };
		A57A4A13290D11EC00434CDF /* UsedTradeViewController.swift */ = {isa = PBXFileReference; lastKnownFileType = sourcecode.swift; path = UsedTradeViewController.swift; sourceTree = "<group>"; };
		A57A4A1F290D163000434CDF /* SortFilterView.swift */ = {isa = PBXFileReference; lastKnownFileType = sourcecode.swift; path = SortFilterView.swift; sourceTree = "<group>"; };
		A57A4A21290D163C00434CDF /* SortFilterViewModel.swift */ = {isa = PBXFileReference; lastKnownFileType = sourcecode.swift; path = SortFilterViewModel.swift; sourceTree = "<group>"; };
		A57A4A32290D19B300434CDF /* SearchBar.swift */ = {isa = PBXFileReference; lastKnownFileType = sourcecode.swift; path = SearchBar.swift; sourceTree = "<group>"; };
		A57A4A34290D19BB00434CDF /* SearchBarViewModel.swift */ = {isa = PBXFileReference; lastKnownFileType = sourcecode.swift; path = SearchBarViewModel.swift; sourceTree = "<group>"; };
		A57A4A39290D2C3500434CDF /* BannerListView.swift */ = {isa = PBXFileReference; lastKnownFileType = sourcecode.swift; path = BannerListView.swift; sourceTree = "<group>"; };
		A57A4A3B290D2C3E00434CDF /* BannerListViewModel.swift */ = {isa = PBXFileReference; lastKnownFileType = sourcecode.swift; path = BannerListViewModel.swift; sourceTree = "<group>"; };
		A57A4A40290D441E00434CDF /* CategoryMainListView.swift */ = {isa = PBXFileReference; lastKnownFileType = sourcecode.swift; path = CategoryMainListView.swift; sourceTree = "<group>"; };
		A57A4A42290D442900434CDF /* CategoryMainListCell.swift */ = {isa = PBXFileReference; lastKnownFileType = sourcecode.swift; path = CategoryMainListCell.swift; sourceTree = "<group>"; };
		A57A4A44290D443400434CDF /* CategoryMainListViewModel.swift */ = {isa = PBXFileReference; lastKnownFileType = sourcecode.swift; path = CategoryMainListViewModel.swift; sourceTree = "<group>"; };
		A57A4A46290D444100434CDF /* CategorySubListView.swift */ = {isa = PBXFileReference; lastKnownFileType = sourcecode.swift; path = CategorySubListView.swift; sourceTree = "<group>"; };
		A57A4A48290D444900434CDF /* CategorySubListCell.swift */ = {isa = PBXFileReference; lastKnownFileType = sourcecode.swift; path = CategorySubListCell.swift; sourceTree = "<group>"; };
		A57A4A4A290D445300434CDF /* CategorySubListViewModel.swift */ = {isa = PBXFileReference; lastKnownFileType = sourcecode.swift; path = CategorySubListViewModel.swift; sourceTree = "<group>"; };
		A57A4A4D290D74E900434CDF /* NewPostViewController.swift */ = {isa = PBXFileReference; lastKnownFileType = sourcecode.swift; path = NewPostViewController.swift; sourceTree = "<group>"; };
		CE1B44D728F8557D009695E0 /* FilterHeader.swift */ = {isa = PBXFileReference; lastKnownFileType = sourcecode.swift; path = FilterHeader.swift; sourceTree = "<group>"; };
		CE1E86DB28E9434D00AC0701 /* CategoryCollectionViewCell.swift */ = {isa = PBXFileReference; lastKnownFileType = sourcecode.swift; path = CategoryCollectionViewCell.swift; sourceTree = "<group>"; };
		CE1E86DD28E94D6400AC0701 /* MiddleCategoryCell.swift */ = {isa = PBXFileReference; lastKnownFileType = sourcecode.swift; path = MiddleCategoryCell.swift; sourceTree = "<group>"; };
		CE25925128F29A5500BD40D3 /* LoginViewController.swift */ = {isa = PBXFileReference; lastKnownFileType = sourcecode.swift; path = LoginViewController.swift; sourceTree = "<group>"; };
		CE25925328F29A6900BD40D3 /* LoginView.swift */ = {isa = PBXFileReference; lastKnownFileType = sourcecode.swift; path = LoginView.swift; sourceTree = "<group>"; };
		CE41AF7328EBC24400B40844 /* MyClosetTagCollectionViewCell.swift */ = {isa = PBXFileReference; lastKnownFileType = sourcecode.swift; path = MyClosetTagCollectionViewCell.swift; sourceTree = "<group>"; };
		CE41AF7528EC22D100B40844 /* ClosetTagTableViewCell.swift */ = {isa = PBXFileReference; lastKnownFileType = sourcecode.swift; path = ClosetTagTableViewCell.swift; sourceTree = "<group>"; };
		CE41AF7728EC28B200B40844 /* TagCollectionViewCell.swift */ = {isa = PBXFileReference; lastKnownFileType = sourcecode.swift; path = TagCollectionViewCell.swift; sourceTree = "<group>"; };
		CE41AF7928EC375C00B40844 /* ClosetImageTableViewCell.swift */ = {isa = PBXFileReference; lastKnownFileType = sourcecode.swift; path = ClosetImageTableViewCell.swift; sourceTree = "<group>"; };
		CE46955D290BA9C0000094AF /* MyClosetModel.swift */ = {isa = PBXFileReference; lastKnownFileType = sourcecode.swift; path = MyClosetModel.swift; sourceTree = "<group>"; };
		CE505EBC290A894F0055C166 /* MyClothetApiService.swift */ = {isa = PBXFileReference; lastKnownFileType = sourcecode.swift; path = MyClothetApiService.swift; sourceTree = "<group>"; };
		CE62832628FBB2FF00B2AB55 /* MyClosetViewModel.swift */ = {isa = PBXFileReference; lastKnownFileType = sourcecode.swift; path = MyClosetViewModel.swift; sourceTree = "<group>"; };
		CE77107728F592620062F53B /* MyClosetDetailRecommendTableViewCell.swift */ = {isa = PBXFileReference; lastKnownFileType = sourcecode.swift; path = MyClosetDetailRecommendTableViewCell.swift; sourceTree = "<group>"; };
		CE77107928F593E40062F53B /* RecommenCollectionViewCell.swift */ = {isa = PBXFileReference; lastKnownFileType = sourcecode.swift; path = RecommenCollectionViewCell.swift; sourceTree = "<group>"; };
		CE83325428F846DF00B6DD1C /* DetailFilterViewController.swift */ = {isa = PBXFileReference; lastKnownFileType = sourcecode.swift; path = DetailFilterViewController.swift; sourceTree = "<group>"; };
		CE83325628F8470300B6DD1C /* FilterView.swift */ = {isa = PBXFileReference; lastKnownFileType = sourcecode.swift; path = FilterView.swift; sourceTree = "<group>"; };
		CE83325828F8477500B6DD1C /* DetailFilterCollectionViewCell.swift */ = {isa = PBXFileReference; lastKnownFileType = sourcecode.swift; path = DetailFilterCollectionViewCell.swift; sourceTree = "<group>"; };
		CEE635AB28FC1B4E0098D3F2 /* AddPostView.swift */ = {isa = PBXFileReference; lastKnownFileType = sourcecode.swift; path = AddPostView.swift; sourceTree = "<group>"; };
		CEE635AD28FC21FD0098D3F2 /* AddPostCell.swift */ = {isa = PBXFileReference; lastKnownFileType = sourcecode.swift; path = AddPostCell.swift; sourceTree = "<group>"; };
		CEE635AF28FC23490098D3F2 /* AddClothViewController.swift */ = {isa = PBXFileReference; lastKnownFileType = sourcecode.swift; path = AddClothViewController.swift; sourceTree = "<group>"; };
		CEE635B228FC23780098D3F2 /* AddClothView.swift */ = {isa = PBXFileReference; lastKnownFileType = sourcecode.swift; path = AddClothView.swift; sourceTree = "<group>"; };
		CEF3630528E7D035007ECE87 /* AddPostViewController.swift */ = {isa = PBXFileReference; lastKnownFileType = sourcecode.swift; path = AddPostViewController.swift; sourceTree = "<group>"; };
		CEF3630828E7D124007ECE87 /* MyClosetViewController.swift */ = {isa = PBXFileReference; lastKnownFileType = sourcecode.swift; path = MyClosetViewController.swift; sourceTree = "<group>"; };
		CEF3630C28E7D8AC007ECE87 /* MyClosetCollectionView.swift */ = {isa = PBXFileReference; lastKnownFileType = sourcecode.swift; path = MyClosetCollectionView.swift; sourceTree = "<group>"; };
		CEF3630E28E7E013007ECE87 /* MyClosetCell.swift */ = {isa = PBXFileReference; lastKnownFileType = sourcecode.swift; path = MyClosetCell.swift; sourceTree = "<group>"; };
		CEF3631028E7E10C007ECE87 /* RecommendCollectionHeader.swift */ = {isa = PBXFileReference; lastKnownFileType = sourcecode.swift; path = RecommendCollectionHeader.swift; sourceTree = "<group>"; };
		CEF3631228E814B2007ECE87 /* MyClosetDetailViewController.swift */ = {isa = PBXFileReference; lastKnownFileType = sourcecode.swift; path = MyClosetDetailViewController.swift; sourceTree = "<group>"; };
		CEF3631528E814D4007ECE87 /* MyClosetDetailView.swift */ = {isa = PBXFileReference; lastKnownFileType = sourcecode.swift; path = MyClosetDetailView.swift; sourceTree = "<group>"; };
		CEF3631728E8222B007ECE87 /* MyClosetDetailCell.swift */ = {isa = PBXFileReference; lastKnownFileType = sourcecode.swift; path = MyClosetDetailCell.swift; sourceTree = "<group>"; };
		CEF4648528F8E64900403C1B /* DetailFilterViewModel.swift */ = {isa = PBXFileReference; lastKnownFileType = sourcecode.swift; path = DetailFilterViewModel.swift; sourceTree = "<group>"; };
/* End PBXFileReference section */

/* Begin PBXFrameworksBuildPhase section */
		88EF0FDB28D1722A003C8189 /* Frameworks */ = {
			isa = PBXFrameworksBuildPhase;
			buildActionMask = 2147483647;
			files = (
				CE62832528FBB28700B2AB55 /* RxSwift in Frameworks */,
				CE505EC0290A89B40055C166 /* Alamofire in Frameworks */,
				CE62832328FBB28700B2AB55 /* RxCocoa in Frameworks */,
				CE62832028FBB27A00B2AB55 /* SnapKit in Frameworks */,
				A57A4A38290D1D2D00434CDF /* Kingfisher in Frameworks */,
			);
			runOnlyForDeploymentPostprocessing = 0;
		};
/* End PBXFrameworksBuildPhase section */

/* Begin PBXGroup section */
		88C4D6AF28D9C9E200D93575 /* Register 1 */ = {
			isa = PBXGroup;
			children = (
				88C70E3328D8A04E00ABCB3F /* RegisterViewController.swift */,
				88C70E3528D8A06E00ABCB3F /* RegisterView.swift */,
				8855259628DC751400907D0C /* RegisterViewModel.swift */,
				8855259828DC751A00907D0C /* RegisterModel.swift */,
			);
			path = "Register 1";
			sourceTree = "<group>";
		};
		88C4D6B028D9C9EF00D93575 /* Register 2 */ = {
			isa = PBXGroup;
			children = (
				88C4D6B128D9CA2600D93575 /* RegisterServiceViewController.swift */,
				88C4D6B328D9CA4E00D93575 /* RegisterServiceView.swift */,
			);
			path = "Register 2";
			sourceTree = "<group>";
		};
		88C70E2D28D89D4D00ABCB3F /* Welcome */ = {
			isa = PBXGroup;
			children = (
				88C70E2E28D89D6800ABCB3F /* WelcomeViewController.swift */,
				88C70E3028D89D9100ABCB3F /* WelcomeView.swift */,
			);
			path = Welcome;
			sourceTree = "<group>";
		};
		88C70E3228D8A03A00ABCB3F /* Register */ = {
			isa = PBXGroup;
			children = (
				88C4D6B028D9C9EF00D93575 /* Register 2 */,
				88C4D6AF28D9C9E200D93575 /* Register 1 */,
			);
			path = Register;
			sourceTree = "<group>";
		};
		88EF0FD528D1722A003C8189 = {
			isa = PBXGroup;
			children = (
				88EF0FE028D1722A003C8189 /* ClothRecommend */,
				88EF0FDF28D1722A003C8189 /* Products */,
			);
			sourceTree = "<group>";
		};
		88EF0FDF28D1722A003C8189 /* Products */ = {
			isa = PBXGroup;
			children = (
				88EF0FDE28D1722A003C8189 /* ClothRecommend.app */,
			);
			name = Products;
			sourceTree = "<group>";
		};
		88EF0FE028D1722A003C8189 /* ClothRecommend */ = {
			isa = PBXGroup;
			children = (
				CEF3630428E7CFBE007ECE87 /* Tab */,
				A57A4A11290D0DAD00434CDF /* Pages */,
				CE505EBB290A89400055C166 /* Api */,
				88EF0FE128D1722A003C8189 /* AppDelegate.swift */,
				88EF0FE328D1722A003C8189 /* SceneDelegate.swift */,
				CE25924F28EFF0D700BD40D3 /* MainTab */,
				88EF0FEA28D1722C003C8189 /* Assets.xcassets */,
				88EF0FEC28D1722C003C8189 /* LaunchScreen.storyboard */,
				88EF0FEF28D1722C003C8189 /* Info.plist */,
				CEE635B128FC23620098D3F2 /* AddCloth */,
			);
			path = ClothRecommend;
			sourceTree = "<group>";
		};
		A57A4A11290D0DAD00434CDF /* Pages */ = {
			isa = PBXGroup;
			children = (
				A57A4A4C290D74B200434CDF /* NewPost */,
				A57A4A12290D0DD700434CDF /* UsedTrade */,
				88C70E2D28D89D4D00ABCB3F /* Welcome */,
				88C70E3228D8A03A00ABCB3F /* Register */,
				CEF3630728E7D089007ECE87 /* MyCloset */,
				CE25925028F29A4D00BD40D3 /* Login */,
			);
			path = Pages;
			sourceTree = "<group>";
		};
		A57A4A12290D0DD700434CDF /* UsedTrade */ = {
			isa = PBXGroup;
			children = (
				A57A4A13290D11EC00434CDF /* UsedTradeViewController.swift */,
				A57A4A0F290D0DA000434CDF /* UsedTradeViewModel.swift */,
				A57A4A16290D155600434CDF /* SubComponents */,
			);
			path = UsedTrade;
			sourceTree = "<group>";
		};
		A57A4A16290D155600434CDF /* SubComponents */ = {
			isa = PBXGroup;
			children = (
				A57A4A3F290D440E00434CDF /* CategorySub */,
				A57A4A3E290D440100434CDF /* CategoryMain */,
				A57A4A31290D19A300434CDF /* SearchBar */,
				A57A4A3D290D2C4100434CDF /* Banner */,
				A57A4A1E290D161900434CDF /* FilterView */,
			);
			path = SubComponents;
			sourceTree = "<group>";
		};
		A57A4A1E290D161900434CDF /* FilterView */ = {
			isa = PBXGroup;
			children = (
				A57A4A1F290D163000434CDF /* SortFilterView.swift */,
				A57A4A21290D163C00434CDF /* SortFilterViewModel.swift */,
			);
			path = FilterView;
			sourceTree = "<group>";
		};
		A57A4A31290D19A300434CDF /* SearchBar */ = {
			isa = PBXGroup;
			children = (
				A57A4A32290D19B300434CDF /* SearchBar.swift */,
				A57A4A34290D19BB00434CDF /* SearchBarViewModel.swift */,
			);
			path = SearchBar;
			sourceTree = "<group>";
		};
		A57A4A3D290D2C4100434CDF /* Banner */ = {
			isa = PBXGroup;
			children = (
				A57A4A3B290D2C3E00434CDF /* BannerListViewModel.swift */,
				A57A4A39290D2C3500434CDF /* BannerListView.swift */,
			);
			path = Banner;
			sourceTree = "<group>";
		};
		A57A4A3E290D440100434CDF /* CategoryMain */ = {
			isa = PBXGroup;
			children = (
				A57A4A40290D441E00434CDF /* CategoryMainListView.swift */,
				A57A4A42290D442900434CDF /* CategoryMainListCell.swift */,
				A57A4A44290D443400434CDF /* CategoryMainListViewModel.swift */,
			);
			path = CategoryMain;
			sourceTree = "<group>";
		};
		A57A4A3F290D440E00434CDF /* CategorySub */ = {
			isa = PBXGroup;
			children = (
				A57A4A46290D444100434CDF /* CategorySubListView.swift */,
				A57A4A48290D444900434CDF /* CategorySubListCell.swift */,
				A57A4A4A290D445300434CDF /* CategorySubListViewModel.swift */,
			);
			path = CategorySub;
			sourceTree = "<group>";
		};
		A57A4A4C290D74B200434CDF /* NewPost */ = {
			isa = PBXGroup;
			children = (
				A57A4A4D290D74E900434CDF /* NewPostViewController.swift */,
			);
			path = NewPost;
			sourceTree = "<group>";
		};
		CE25924F28EFF0D700BD40D3 /* MainTab */ = {
			isa = PBXGroup;
			children = (
				88EF0FE528D1722A003C8189 /* MainFeedViewController.swift */,
				88EF0FF828D17363003C8189 /* MainFeedView.swift */,
				88EF0FFA28D174B4003C8189 /* MainFeedTableViewCell.swift */,
			);
			path = MainTab;
			sourceTree = "<group>";
		};
		CE25925028F29A4D00BD40D3 /* Login */ = {
			isa = PBXGroup;
			children = (
				CE25925128F29A5500BD40D3 /* LoginViewController.swift */,
				CE25925328F29A6900BD40D3 /* LoginView.swift */,
			);
			path = Login;
			sourceTree = "<group>";
		};
		CE505EBB290A89400055C166 /* Api */ = {
			isa = PBXGroup;
			children = (
				CE505EBC290A894F0055C166 /* MyClothetApiService.swift */,
			);
			path = Api;
			sourceTree = "<group>";
		};
		CE83325328F846CF00B6DD1C /* DetailFilter */ = {
			isa = PBXGroup;
			children = (
				CE83325428F846DF00B6DD1C /* DetailFilterViewController.swift */,
				CE83325628F8470300B6DD1C /* FilterView.swift */,
				CE83325828F8477500B6DD1C /* DetailFilterCollectionViewCell.swift */,
				CE1B44D728F8557D009695E0 /* FilterHeader.swift */,
				CEF4648528F8E64900403C1B /* DetailFilterViewModel.swift */,
				CE62832628FBB2FF00B2AB55 /* MyClosetViewModel.swift */,
			);
			path = DetailFilter;
			sourceTree = "<group>";
		};
		CEE635B128FC23620098D3F2 /* AddCloth */ = {
			isa = PBXGroup;
			children = (
				CEE635AF28FC23490098D3F2 /* AddClothViewController.swift */,
				CEE635B228FC23780098D3F2 /* AddClothView.swift */,
			);
			path = AddCloth;
			sourceTree = "<group>";
		};
		CEF3630428E7CFBE007ECE87 /* Tab */ = {
			isa = PBXGroup;
			children = (
				88EF0FFE28D1E1CC003C8189 /* MainTabBarController.swift */,
				CEF3630528E7D035007ECE87 /* AddPostViewController.swift */,
				CEE635AB28FC1B4E0098D3F2 /* AddPostView.swift */,
				CEE635AD28FC21FD0098D3F2 /* AddPostCell.swift */,
			);
			path = Tab;
			sourceTree = "<group>";
		};
		CEF3630728E7D089007ECE87 /* MyCloset */ = {
			isa = PBXGroup;
			children = (
				CE83325328F846CF00B6DD1C /* DetailFilter */,
				CEF3631428E814C6007ECE87 /* MyClosetDetail */,
				CEF3630828E7D124007ECE87 /* MyClosetViewController.swift */,
				CEF3630C28E7D8AC007ECE87 /* MyClosetCollectionView.swift */,
				CEF3630E28E7E013007ECE87 /* MyClosetCell.swift */,
				CEF3631028E7E10C007ECE87 /* RecommendCollectionHeader.swift */,
				CE1E86DB28E9434D00AC0701 /* CategoryCollectionViewCell.swift */,
				CE1E86DD28E94D6400AC0701 /* MiddleCategoryCell.swift */,
			);
			path = MyCloset;
			sourceTree = "<group>";
		};
		CEF3631428E814C6007ECE87 /* MyClosetDetail */ = {
			isa = PBXGroup;
			children = (
				CEF3631228E814B2007ECE87 /* MyClosetDetailViewController.swift */,
				CE41AF7328EBC24400B40844 /* MyClosetTagCollectionViewCell.swift */,
				CEF3631528E814D4007ECE87 /* MyClosetDetailView.swift */,
				CE41AF7528EC22D100B40844 /* ClosetTagTableViewCell.swift */,
				CE41AF7928EC375C00B40844 /* ClosetImageTableViewCell.swift */,
				CEF3631728E8222B007ECE87 /* MyClosetDetailCell.swift */,
				CE41AF7728EC28B200B40844 /* TagCollectionViewCell.swift */,
				CE77107728F592620062F53B /* MyClosetDetailRecommendTableViewCell.swift */,
				CE77107928F593E40062F53B /* RecommenCollectionViewCell.swift */,
				CE46955D290BA9C0000094AF /* MyClosetModel.swift */,
			);
			path = MyClosetDetail;
			sourceTree = "<group>";
		};
/* End PBXGroup section */

/* Begin PBXNativeTarget section */
		88EF0FDD28D1722A003C8189 /* ClothRecommend */ = {
			isa = PBXNativeTarget;
			buildConfigurationList = 88EF0FF228D1722C003C8189 /* Build configuration list for PBXNativeTarget "ClothRecommend" */;
			buildPhases = (
				88EF0FDA28D1722A003C8189 /* Sources */,
				88EF0FDB28D1722A003C8189 /* Frameworks */,
				88EF0FDC28D1722A003C8189 /* Resources */,
			);
			buildRules = (
			);
			dependencies = (
			);
			name = ClothRecommend;
			packageProductDependencies = (
				CE62831F28FBB27A00B2AB55 /* SnapKit */,
				CE62832228FBB28700B2AB55 /* RxCocoa */,
				CE62832428FBB28700B2AB55 /* RxSwift */,
				CE505EBF290A89B40055C166 /* Alamofire */,
				A57A4A37290D1D2D00434CDF /* Kingfisher */,
			);
			productName = ClothRecommend;
			productReference = 88EF0FDE28D1722A003C8189 /* ClothRecommend.app */;
			productType = "com.apple.product-type.application";
		};
/* End PBXNativeTarget section */

/* Begin PBXProject section */
		88EF0FD628D1722A003C8189 /* Project object */ = {
			isa = PBXProject;
			attributes = {
				BuildIndependentTargetsInParallel = 1;
				LastSwiftUpdateCheck = 1300;
				LastUpgradeCheck = 1300;
				TargetAttributes = {
					88EF0FDD28D1722A003C8189 = {
						CreatedOnToolsVersion = 13.0;
					};
				};
			};
			buildConfigurationList = 88EF0FD928D1722A003C8189 /* Build configuration list for PBXProject "ClothRecommend" */;
			compatibilityVersion = "Xcode 13.0";
			developmentRegion = en;
			hasScannedForEncodings = 0;
			knownRegions = (
				en,
				Base,
			);
			mainGroup = 88EF0FD528D1722A003C8189;
			packageReferences = (
				CE62831E28FBB27A00B2AB55 /* XCRemoteSwiftPackageReference "SnapKit" */,
				CE62832128FBB28700B2AB55 /* XCRemoteSwiftPackageReference "RxSwift" */,
				CE505EBE290A89B40055C166 /* XCRemoteSwiftPackageReference "Alamofire" */,
				A57A4A36290D1D2D00434CDF /* XCRemoteSwiftPackageReference "Kingfisher" */,
			);
			productRefGroup = 88EF0FDF28D1722A003C8189 /* Products */;
			projectDirPath = "";
			projectRoot = "";
			targets = (
				88EF0FDD28D1722A003C8189 /* ClothRecommend */,
			);
		};
/* End PBXProject section */

/* Begin PBXResourcesBuildPhase section */
		88EF0FDC28D1722A003C8189 /* Resources */ = {
			isa = PBXResourcesBuildPhase;
			buildActionMask = 2147483647;
			files = (
				CE46955F290BAB3F000094AF /* Assets.xcassets in Resources */,
				88EF0FEE28D1722C003C8189 /* LaunchScreen.storyboard in Resources */,
			);
			runOnlyForDeploymentPostprocessing = 0;
		};
/* End PBXResourcesBuildPhase section */

/* Begin PBXSourcesBuildPhase section */
		88EF0FDA28D1722A003C8189 /* Sources */ = {
			isa = PBXSourcesBuildPhase;
			buildActionMask = 2147483647;
			files = (
				CE41AF7628EC22D100B40844 /* ClosetTagTableViewCell.swift in Sources */,
				CEE635AC28FC1B4E0098D3F2 /* AddPostView.swift in Sources */,
				CEF3631328E814B2007ECE87 /* MyClosetDetailViewController.swift in Sources */,
				CEF3631828E8222B007ECE87 /* MyClosetDetailCell.swift in Sources */,
				A57A4A10290D0DA000434CDF /* UsedTradeViewModel.swift in Sources */,
				CEF4648628F8E64900403C1B /* DetailFilterViewModel.swift in Sources */,
				A57A4A3C290D2C3E00434CDF /* BannerListViewModel.swift in Sources */,
				88EF0FE628D1722A003C8189 /* MainFeedViewController.swift in Sources */,
				88C70E2F28D89D6800ABCB3F /* WelcomeViewController.swift in Sources */,
				CE25925228F29A5500BD40D3 /* LoginViewController.swift in Sources */,
				CE83325528F846DF00B6DD1C /* DetailFilterViewController.swift in Sources */,
				A57A4A20290D163000434CDF /* SortFilterView.swift in Sources */,
				CEF3630F28E7E013007ECE87 /* MyClosetCell.swift in Sources */,
				CEF3630628E7D035007ECE87 /* AddPostViewController.swift in Sources */,
				CEE635AE28FC21FD0098D3F2 /* AddPostCell.swift in Sources */,
				88C4D6B228D9CA2600D93575 /* RegisterServiceViewController.swift in Sources */,
				CE83325728F8470300B6DD1C /* FilterView.swift in Sources */,
				CE41AF7A28EC375C00B40844 /* ClosetImageTableViewCell.swift in Sources */,
				CEF3630D28E7D8AC007ECE87 /* MyClosetCollectionView.swift in Sources */,
				A57A4A45290D443400434CDF /* CategoryMainListViewModel.swift in Sources */,
				CE41AF7828EC28B200B40844 /* TagCollectionViewCell.swift in Sources */,
				CE77107828F592620062F53B /* MyClosetDetailRecommendTableViewCell.swift in Sources */,
				CEF3631628E814D4007ECE87 /* MyClosetDetailView.swift in Sources */,
				CE505EBD290A894F0055C166 /* MyClothetApiService.swift in Sources */,
				A57A4A14290D11EC00434CDF /* UsedTradeViewController.swift in Sources */,
				CEE635B028FC23490098D3F2 /* AddClothViewController.swift in Sources */,
				CE46955E290BA9C0000094AF /* MyClosetModel.swift in Sources */,
				A57A4A47290D444100434CDF /* CategorySubListView.swift in Sources */,
				A57A4A35290D19BB00434CDF /* SearchBarViewModel.swift in Sources */,
				CE1B44D828F8557D009695E0 /* FilterHeader.swift in Sources */,
				CE62832728FBB2FF00B2AB55 /* MyClosetViewModel.swift in Sources */,
				88C70E3628D8A06E00ABCB3F /* RegisterView.swift in Sources */,
				88C4D6B428D9CA4E00D93575 /* RegisterServiceView.swift in Sources */,
				CE77107A28F593E40062F53B /* RecommenCollectionViewCell.swift in Sources */,
				CE1E86DC28E9434D00AC0701 /* CategoryCollectionViewCell.swift in Sources */,
				88EF0FFB28D174B4003C8189 /* MainFeedTableViewCell.swift in Sources */,
				CEF3630928E7D124007ECE87 /* MyClosetViewController.swift in Sources */,
				A57A4A4B290D445300434CDF /* CategorySubListViewModel.swift in Sources */,
				CE83325928F8477500B6DD1C /* DetailFilterCollectionViewCell.swift in Sources */,
				CE25925428F29A6900BD40D3 /* LoginView.swift in Sources */,
				8855259928DC751A00907D0C /* RegisterModel.swift in Sources */,
				8855259728DC751400907D0C /* RegisterViewModel.swift in Sources */,
				88EF0FFF28D1E1CC003C8189 /* MainTabBarController.swift in Sources */,
				A57A4A41290D441E00434CDF /* CategoryMainListView.swift in Sources */,
				CE41AF7428EBC24400B40844 /* MyClosetTagCollectionViewCell.swift in Sources */,
				A57A4A4E290D74E900434CDF /* NewPostViewController.swift in Sources */,
				A57A4A43290D442900434CDF /* CategoryMainListCell.swift in Sources */,
				A57A4A22290D163C00434CDF /* SortFilterViewModel.swift in Sources */,
				A57A4A3A290D2C3500434CDF /* BannerListView.swift in Sources */,
				A57A4A33290D19B300434CDF /* SearchBar.swift in Sources */,
				88C70E3128D89D9100ABCB3F /* WelcomeView.swift in Sources */,
				CEF3631128E7E10C007ECE87 /* RecommendCollectionHeader.swift in Sources */,
				88EF0FF928D17363003C8189 /* MainFeedView.swift in Sources */,
				CEE635B328FC23780098D3F2 /* AddClothView.swift in Sources */,
				88C70E3428D8A04E00ABCB3F /* RegisterViewController.swift in Sources */,
				CE1E86DE28E94D6400AC0701 /* MiddleCategoryCell.swift in Sources */,
				A57A4A49290D444900434CDF /* CategorySubListCell.swift in Sources */,
				88EF0FE228D1722A003C8189 /* AppDelegate.swift in Sources */,
				88EF0FE428D1722A003C8189 /* SceneDelegate.swift in Sources */,
			);
			runOnlyForDeploymentPostprocessing = 0;
		};
/* End PBXSourcesBuildPhase section */

/* Begin PBXVariantGroup section */
		88EF0FEC28D1722C003C8189 /* LaunchScreen.storyboard */ = {
			isa = PBXVariantGroup;
			children = (
				88EF0FED28D1722C003C8189 /* Base */,
			);
			name = LaunchScreen.storyboard;
			sourceTree = "<group>";
		};
/* End PBXVariantGroup section */

/* Begin XCBuildConfiguration section */
		88EF0FF028D1722C003C8189 /* Debug */ = {
			isa = XCBuildConfiguration;
			buildSettings = {
				ALWAYS_SEARCH_USER_PATHS = NO;
				CLANG_ANALYZER_NONNULL = YES;
				CLANG_ANALYZER_NUMBER_OBJECT_CONVERSION = YES_AGGRESSIVE;
				CLANG_CXX_LANGUAGE_STANDARD = "gnu++17";
				CLANG_CXX_LIBRARY = "libc++";
				CLANG_ENABLE_MODULES = YES;
				CLANG_ENABLE_OBJC_ARC = YES;
				CLANG_ENABLE_OBJC_WEAK = YES;
				CLANG_WARN_BLOCK_CAPTURE_AUTORELEASING = YES;
				CLANG_WARN_BOOL_CONVERSION = YES;
				CLANG_WARN_COMMA = YES;
				CLANG_WARN_CONSTANT_CONVERSION = YES;
				CLANG_WARN_DEPRECATED_OBJC_IMPLEMENTATIONS = YES;
				CLANG_WARN_DIRECT_OBJC_ISA_USAGE = YES_ERROR;
				CLANG_WARN_DOCUMENTATION_COMMENTS = YES;
				CLANG_WARN_EMPTY_BODY = YES;
				CLANG_WARN_ENUM_CONVERSION = YES;
				CLANG_WARN_INFINITE_RECURSION = YES;
				CLANG_WARN_INT_CONVERSION = YES;
				CLANG_WARN_NON_LITERAL_NULL_CONVERSION = YES;
				CLANG_WARN_OBJC_IMPLICIT_RETAIN_SELF = YES;
				CLANG_WARN_OBJC_LITERAL_CONVERSION = YES;
				CLANG_WARN_OBJC_ROOT_CLASS = YES_ERROR;
				CLANG_WARN_QUOTED_INCLUDE_IN_FRAMEWORK_HEADER = YES;
				CLANG_WARN_RANGE_LOOP_ANALYSIS = YES;
				CLANG_WARN_STRICT_PROTOTYPES = YES;
				CLANG_WARN_SUSPICIOUS_MOVE = YES;
				CLANG_WARN_UNGUARDED_AVAILABILITY = YES_AGGRESSIVE;
				CLANG_WARN_UNREACHABLE_CODE = YES;
				CLANG_WARN__DUPLICATE_METHOD_MATCH = YES;
				COPY_PHASE_STRIP = NO;
				DEBUG_INFORMATION_FORMAT = dwarf;
				ENABLE_STRICT_OBJC_MSGSEND = YES;
				ENABLE_TESTABILITY = YES;
				GCC_C_LANGUAGE_STANDARD = gnu11;
				GCC_DYNAMIC_NO_PIC = NO;
				GCC_NO_COMMON_BLOCKS = YES;
				GCC_OPTIMIZATION_LEVEL = 0;
				GCC_PREPROCESSOR_DEFINITIONS = (
					"DEBUG=1",
					"$(inherited)",
				);
				GCC_WARN_64_TO_32_BIT_CONVERSION = YES;
				GCC_WARN_ABOUT_RETURN_TYPE = YES_ERROR;
				GCC_WARN_UNDECLARED_SELECTOR = YES;
				GCC_WARN_UNINITIALIZED_AUTOS = YES_AGGRESSIVE;
				GCC_WARN_UNUSED_FUNCTION = YES;
				GCC_WARN_UNUSED_VARIABLE = YES;
				IPHONEOS_DEPLOYMENT_TARGET = 15.0;
				MTL_ENABLE_DEBUG_INFO = INCLUDE_SOURCE;
				MTL_FAST_MATH = YES;
				ONLY_ACTIVE_ARCH = YES;
				SDKROOT = iphoneos;
				SWIFT_ACTIVE_COMPILATION_CONDITIONS = DEBUG;
				SWIFT_OPTIMIZATION_LEVEL = "-Onone";
			};
			name = Debug;
		};
		88EF0FF128D1722C003C8189 /* Release */ = {
			isa = XCBuildConfiguration;
			buildSettings = {
				ALWAYS_SEARCH_USER_PATHS = NO;
				CLANG_ANALYZER_NONNULL = YES;
				CLANG_ANALYZER_NUMBER_OBJECT_CONVERSION = YES_AGGRESSIVE;
				CLANG_CXX_LANGUAGE_STANDARD = "gnu++17";
				CLANG_CXX_LIBRARY = "libc++";
				CLANG_ENABLE_MODULES = YES;
				CLANG_ENABLE_OBJC_ARC = YES;
				CLANG_ENABLE_OBJC_WEAK = YES;
				CLANG_WARN_BLOCK_CAPTURE_AUTORELEASING = YES;
				CLANG_WARN_BOOL_CONVERSION = YES;
				CLANG_WARN_COMMA = YES;
				CLANG_WARN_CONSTANT_CONVERSION = YES;
				CLANG_WARN_DEPRECATED_OBJC_IMPLEMENTATIONS = YES;
				CLANG_WARN_DIRECT_OBJC_ISA_USAGE = YES_ERROR;
				CLANG_WARN_DOCUMENTATION_COMMENTS = YES;
				CLANG_WARN_EMPTY_BODY = YES;
				CLANG_WARN_ENUM_CONVERSION = YES;
				CLANG_WARN_INFINITE_RECURSION = YES;
				CLANG_WARN_INT_CONVERSION = YES;
				CLANG_WARN_NON_LITERAL_NULL_CONVERSION = YES;
				CLANG_WARN_OBJC_IMPLICIT_RETAIN_SELF = YES;
				CLANG_WARN_OBJC_LITERAL_CONVERSION = YES;
				CLANG_WARN_OBJC_ROOT_CLASS = YES_ERROR;
				CLANG_WARN_QUOTED_INCLUDE_IN_FRAMEWORK_HEADER = YES;
				CLANG_WARN_RANGE_LOOP_ANALYSIS = YES;
				CLANG_WARN_STRICT_PROTOTYPES = YES;
				CLANG_WARN_SUSPICIOUS_MOVE = YES;
				CLANG_WARN_UNGUARDED_AVAILABILITY = YES_AGGRESSIVE;
				CLANG_WARN_UNREACHABLE_CODE = YES;
				CLANG_WARN__DUPLICATE_METHOD_MATCH = YES;
				COPY_PHASE_STRIP = NO;
				DEBUG_INFORMATION_FORMAT = "dwarf-with-dsym";
				ENABLE_NS_ASSERTIONS = NO;
				ENABLE_STRICT_OBJC_MSGSEND = YES;
				GCC_C_LANGUAGE_STANDARD = gnu11;
				GCC_NO_COMMON_BLOCKS = YES;
				GCC_WARN_64_TO_32_BIT_CONVERSION = YES;
				GCC_WARN_ABOUT_RETURN_TYPE = YES_ERROR;
				GCC_WARN_UNDECLARED_SELECTOR = YES;
				GCC_WARN_UNINITIALIZED_AUTOS = YES_AGGRESSIVE;
				GCC_WARN_UNUSED_FUNCTION = YES;
				GCC_WARN_UNUSED_VARIABLE = YES;
				IPHONEOS_DEPLOYMENT_TARGET = 15.0;
				MTL_ENABLE_DEBUG_INFO = NO;
				MTL_FAST_MATH = YES;
				SDKROOT = iphoneos;
				SWIFT_COMPILATION_MODE = wholemodule;
				SWIFT_OPTIMIZATION_LEVEL = "-O";
				VALIDATE_PRODUCT = YES;
			};
			name = Release;
		};
		88EF0FF328D1722C003C8189 /* Debug */ = {
			isa = XCBuildConfiguration;
			buildSettings = {
				ASSETCATALOG_COMPILER_APPICON_NAME = AppIcon;
				ASSETCATALOG_COMPILER_GLOBAL_ACCENT_COLOR_NAME = AccentColor;
				CODE_SIGN_STYLE = Automatic;
				CURRENT_PROJECT_VERSION = 1;
				DEVELOPMENT_TEAM = BGZJ34W8C3;
				GENERATE_INFOPLIST_FILE = YES;
				INFOPLIST_FILE = ClothRecommend/Info.plist;
				INFOPLIST_KEY_UIApplicationSupportsIndirectInputEvents = YES;
				INFOPLIST_KEY_UILaunchStoryboardName = LaunchScreen;
				INFOPLIST_KEY_UISupportedInterfaceOrientations_iPad = "UIInterfaceOrientationPortrait UIInterfaceOrientationPortraitUpsideDown UIInterfaceOrientationLandscapeLeft UIInterfaceOrientationLandscapeRight";
				INFOPLIST_KEY_UISupportedInterfaceOrientations_iPhone = "UIInterfaceOrientationPortrait UIInterfaceOrientationLandscapeLeft UIInterfaceOrientationLandscapeRight";
				LD_RUNPATH_SEARCH_PATHS = (
					"$(inherited)",
					"@executable_path/Frameworks",
				);
				MARKETING_VERSION = 1.0;
				PRODUCT_BUNDLE_IDENTIFIER = yle.ClothRecommend;
				PRODUCT_NAME = "$(TARGET_NAME)";
				SWIFT_EMIT_LOC_STRINGS = YES;
				SWIFT_VERSION = 5.0;
				TARGETED_DEVICE_FAMILY = "1,2";
			};
			name = Debug;
		};
		88EF0FF428D1722C003C8189 /* Release */ = {
			isa = XCBuildConfiguration;
			buildSettings = {
				ASSETCATALOG_COMPILER_APPICON_NAME = AppIcon;
				ASSETCATALOG_COMPILER_GLOBAL_ACCENT_COLOR_NAME = AccentColor;
				CODE_SIGN_STYLE = Automatic;
				CURRENT_PROJECT_VERSION = 1;
				DEVELOPMENT_TEAM = BGZJ34W8C3;
				GENERATE_INFOPLIST_FILE = YES;
				INFOPLIST_FILE = ClothRecommend/Info.plist;
				INFOPLIST_KEY_UIApplicationSupportsIndirectInputEvents = YES;
				INFOPLIST_KEY_UILaunchStoryboardName = LaunchScreen;
				INFOPLIST_KEY_UISupportedInterfaceOrientations_iPad = "UIInterfaceOrientationPortrait UIInterfaceOrientationPortraitUpsideDown UIInterfaceOrientationLandscapeLeft UIInterfaceOrientationLandscapeRight";
				INFOPLIST_KEY_UISupportedInterfaceOrientations_iPhone = "UIInterfaceOrientationPortrait UIInterfaceOrientationLandscapeLeft UIInterfaceOrientationLandscapeRight";
				LD_RUNPATH_SEARCH_PATHS = (
					"$(inherited)",
					"@executable_path/Frameworks",
				);
				MARKETING_VERSION = 1.0;
				PRODUCT_BUNDLE_IDENTIFIER = yle.ClothRecommend;
				PRODUCT_NAME = "$(TARGET_NAME)";
				SWIFT_EMIT_LOC_STRINGS = YES;
				SWIFT_VERSION = 5.0;
				TARGETED_DEVICE_FAMILY = "1,2";
			};
			name = Release;
		};
/* End XCBuildConfiguration section */

/* Begin XCConfigurationList section */
		88EF0FD928D1722A003C8189 /* Build configuration list for PBXProject "ClothRecommend" */ = {
			isa = XCConfigurationList;
			buildConfigurations = (
				88EF0FF028D1722C003C8189 /* Debug */,
				88EF0FF128D1722C003C8189 /* Release */,
			);
			defaultConfigurationIsVisible = 0;
			defaultConfigurationName = Release;
		};
		88EF0FF228D1722C003C8189 /* Build configuration list for PBXNativeTarget "ClothRecommend" */ = {
			isa = XCConfigurationList;
			buildConfigurations = (
				88EF0FF328D1722C003C8189 /* Debug */,
				88EF0FF428D1722C003C8189 /* Release */,
			);
			defaultConfigurationIsVisible = 0;
			defaultConfigurationName = Release;
		};
/* End XCConfigurationList section */

/* Begin XCRemoteSwiftPackageReference section */
		A57A4A36290D1D2D00434CDF /* XCRemoteSwiftPackageReference "Kingfisher" */ = {
			isa = XCRemoteSwiftPackageReference;
			repositoryURL = "https://github.com/onevcat/Kingfisher.git";
			requirement = {
				kind = upToNextMajorVersion;
				minimumVersion = 7.0.0;
			};
		};
		CE505EBE290A89B40055C166 /* XCRemoteSwiftPackageReference "Alamofire" */ = {
			isa = XCRemoteSwiftPackageReference;
			repositoryURL = "https://github.com/Alamofire/Alamofire.git";
			requirement = {
				kind = upToNextMajorVersion;
				minimumVersion = 5.0.0;
			};
		};
		CE62831E28FBB27A00B2AB55 /* XCRemoteSwiftPackageReference "SnapKit" */ = {
			isa = XCRemoteSwiftPackageReference;
			repositoryURL = "https://github.com/SnapKit/SnapKit.git";
			requirement = {
				branch = develop;
				kind = branch;
			};
		};
		CE62832128FBB28700B2AB55 /* XCRemoteSwiftPackageReference "RxSwift" */ = {
			isa = XCRemoteSwiftPackageReference;
			repositoryURL = "https://github.com/ReactiveX/RxSwift.git";
			requirement = {
				branch = main;
				kind = branch;
			};
		};
/* End XCRemoteSwiftPackageReference section */

/* Begin XCSwiftPackageProductDependency section */
		A57A4A37290D1D2D00434CDF /* Kingfisher */ = {
			isa = XCSwiftPackageProductDependency;
			package = A57A4A36290D1D2D00434CDF /* XCRemoteSwiftPackageReference "Kingfisher" */;
			productName = Kingfisher;
		};
		CE505EBF290A89B40055C166 /* Alamofire */ = {
			isa = XCSwiftPackageProductDependency;
			package = CE505EBE290A89B40055C166 /* XCRemoteSwiftPackageReference "Alamofire" */;
			productName = Alamofire;
		};
		CE62831F28FBB27A00B2AB55 /* SnapKit */ = {
			isa = XCSwiftPackageProductDependency;
			package = CE62831E28FBB27A00B2AB55 /* XCRemoteSwiftPackageReference "SnapKit" */;
			productName = SnapKit;
		};
		CE62832228FBB28700B2AB55 /* RxCocoa */ = {
			isa = XCSwiftPackageProductDependency;
			package = CE62832128FBB28700B2AB55 /* XCRemoteSwiftPackageReference "RxSwift" */;
			productName = RxCocoa;
		};
		CE62832428FBB28700B2AB55 /* RxSwift */ = {
			isa = XCSwiftPackageProductDependency;
			package = CE62832128FBB28700B2AB55 /* XCRemoteSwiftPackageReference "RxSwift" */;
			productName = RxSwift;
		};
/* End XCSwiftPackageProductDependency section */
	};
	rootObject = 88EF0FD628D1722A003C8189 /* Project object */;
}
